// !$*UTF8*$!
{
	archiveVersion = 1;
	classes = {
	};
	objectVersion = 46;
	objects = {

/* Begin PBXBuildFile section */
		CDC89CA31B911F6300217FED /* Foundation.framework in Frameworks */ = {isa = PBXBuildFile; fileRef = CDC89CA21B911F6300217FED /* Foundation.framework */; };
		CDC89CA51B911F6300217FED /* CoreGraphics.framework in Frameworks */ = {isa = PBXBuildFile; fileRef = CDC89CA41B911F6300217FED /* CoreGraphics.framework */; };
		CDC89CA71B911F6300217FED /* UIKit.framework in Frameworks */ = {isa = PBXBuildFile; fileRef = CDC89CA61B911F6300217FED /* UIKit.framework */; };
		CDC89CAD1B911F6300217FED /* InfoPlist.strings in Resources */ = {isa = PBXBuildFile; fileRef = CDC89CAB1B911F6300217FED /* InfoPlist.strings */; };
		CDC89CAF1B911F6300217FED /* main.m in Sources */ = {isa = PBXBuildFile; fileRef = CDC89CAE1B911F6300217FED /* main.m */; };
		CDC89CB31B911F6300217FED /* AppDelegate.m in Sources */ = {isa = PBXBuildFile; fileRef = CDC89CB21B911F6300217FED /* AppDelegate.m */; };
		CDC89CB51B911F6300217FED /* Images.xcassets in Resources */ = {isa = PBXBuildFile; fileRef = CDC89CB41B911F6300217FED /* Images.xcassets */; };
		CDC89CBC1B911F6300217FED /* XCTest.framework in Frameworks */ = {isa = PBXBuildFile; fileRef = CDC89CBB1B911F6300217FED /* XCTest.framework */; };
		CDC89CBD1B911F6300217FED /* Foundation.framework in Frameworks */ = {isa = PBXBuildFile; fileRef = CDC89CA21B911F6300217FED /* Foundation.framework */; };
		CDC89CBE1B911F6300217FED /* UIKit.framework in Frameworks */ = {isa = PBXBuildFile; fileRef = CDC89CA61B911F6300217FED /* UIKit.framework */; };
		CDC89CC61B911F6300217FED /* InfoPlist.strings in Resources */ = {isa = PBXBuildFile; fileRef = CDC89CC41B911F6300217FED /* InfoPlist.strings */; };
		CDC89CC81B911F6300217FED /* MovieAppTests.m in Sources */ = {isa = PBXBuildFile; fileRef = CDC89CC71B911F6300217FED /* MovieAppTests.m */; };
/* End PBXBuildFile section */

/* Begin PBXContainerItemProxy section */
		CDC89CBF1B911F6300217FED /* PBXContainerItemProxy */ = {
			isa = PBXContainerItemProxy;
			containerPortal = CDC89C971B911F6300217FED /* Project object */;
			proxyType = 1;
			remoteGlobalIDString = CDC89C9E1B911F6300217FED;
			remoteInfo = MovieApp;
		};
/* End PBXContainerItemProxy section */

/* Begin PBXFileReference section */
		CDC89C9F1B911F6300217FED /* MovieApp.app */ = {isa = PBXFileReference; explicitFileType = wrapper.application; includeInIndex = 0; path = MovieApp.app; sourceTree = BUILT_PRODUCTS_DIR; };
		CDC89CA21B911F6300217FED /* Foundation.framework */ = {isa = PBXFileReference; lastKnownFileType = wrapper.framework; name = Foundation.framework; path = System/Library/Frameworks/Foundation.framework; sourceTree = SDKROOT; };
		CDC89CA41B911F6300217FED /* CoreGraphics.framework */ = {isa = PBXFileReference; lastKnownFileType = wrapper.framework; name = CoreGraphics.framework; path = System/Library/Frameworks/CoreGraphics.framework; sourceTree = SDKROOT; };
		CDC89CA61B911F6300217FED /* UIKit.framework */ = {isa = PBXFileReference; lastKnownFileType = wrapper.framework; name = UIKit.framework; path = System/Library/Frameworks/UIKit.framework; sourceTree = SDKROOT; };
		CDC89CAA1B911F6300217FED /* MovieApp-Info.plist */ = {isa = PBXFileReference; lastKnownFileType = text.plist.xml; path = "MovieApp-Info.plist"; sourceTree = "<group>"; };
		CDC89CAC1B911F6300217FED /* en */ = {isa = PBXFileReference; lastKnownFileType = text.plist.strings; name = en; path = en.lproj/InfoPlist.strings; sourceTree = "<group>"; };
		CDC89CAE1B911F6300217FED /* main.m */ = {isa = PBXFileReference; lastKnownFileType = sourcecode.c.objc; path = main.m; sourceTree = "<group>"; };
		CDC89CB01B911F6300217FED /* MovieApp-Prefix.pch */ = {isa = PBXFileReference; lastKnownFileType = sourcecode.c.h; path = "MovieApp-Prefix.pch"; sourceTree = "<group>"; };
		CDC89CB11B911F6300217FED /* AppDelegate.h */ = {isa = PBXFileReference; lastKnownFileType = sourcecode.c.h; path = AppDelegate.h; sourceTree = "<group>"; };
		CDC89CB21B911F6300217FED /* AppDelegate.m */ = {isa = PBXFileReference; lastKnownFileType = sourcecode.c.objc; path = AppDelegate.m; sourceTree = "<group>"; };
		CDC89CB41B911F6300217FED /* Images.xcassets */ = {isa = PBXFileReference; lastKnownFileType = folder.assetcatalog; path = Images.xcassets; sourceTree = "<group>"; };
		CDC89CBA1B911F6300217FED /* MovieAppTests.xctest */ = {isa = PBXFileReference; explicitFileType = wrapper.cfbundle; includeInIndex = 0; path = MovieAppTests.xctest; sourceTree = BUILT_PRODUCTS_DIR; };
		CDC89CBB1B911F6300217FED /* XCTest.framework */ = {isa = PBXFileReference; lastKnownFileType = wrapper.framework; name = XCTest.framework; path = Library/Frameworks/XCTest.framework; sourceTree = DEVELOPER_DIR; };
		CDC89CC31B911F6300217FED /* MovieAppTests-Info.plist */ = {isa = PBXFileReference; lastKnownFileType = text.plist.xml; path = "MovieAppTests-Info.plist"; sourceTree = "<group>"; };
		CDC89CC51B911F6300217FED /* en */ = {isa = PBXFileReference; lastKnownFileType = text.plist.strings; name = en; path = en.lproj/InfoPlist.strings; sourceTree = "<group>"; };
		CDC89CC71B911F6300217FED /* MovieAppTests.m */ = {isa = PBXFileReference; lastKnownFileType = sourcecode.c.objc; path = MovieAppTests.m; sourceTree = "<group>"; };
/* End PBXFileReference section */

/* Begin PBXFrameworksBuildPhase section */
		CDC89C9C1B911F6300217FED /* Frameworks */ = {
			isa = PBXFrameworksBuildPhase;
			buildActionMask = 2147483647;
			files = (
				CDC89CA51B911F6300217FED /* CoreGraphics.framework in Frameworks */,
				CDC89CA71B911F6300217FED /* UIKit.framework in Frameworks */,
				CDC89CA31B911F6300217FED /* Foundation.framework in Frameworks */,
			);
			runOnlyForDeploymentPostprocessing = 0;
		};
		CDC89CB71B911F6300217FED /* Frameworks */ = {
			isa = PBXFrameworksBuildPhase;
			buildActionMask = 2147483647;
			files = (
				CDC89CBC1B911F6300217FED /* XCTest.framework in Frameworks */,
				CDC89CBE1B911F6300217FED /* UIKit.framework in Frameworks */,
				CDC89CBD1B911F6300217FED /* Foundation.framework in Frameworks */,
			);
			runOnlyForDeploymentPostprocessing = 0;
		};
/* End PBXFrameworksBuildPhase section */

/* Begin PBXGroup section */
		CDC89C961B911F6300217FED = {
			isa = PBXGroup;
			children = (
				CDC89CA81B911F6300217FED /* MovieApp */,
				CDC89CC11B911F6300217FED /* MovieAppTests */,
				CDC89CA11B911F6300217FED /* Frameworks */,
				CDC89CA01B911F6300217FED /* Products */,
			);
			sourceTree = "<group>";
		};
		CDC89CA01B911F6300217FED /* Products */ = {
			isa = PBXGroup;
			children = (
				CDC89C9F1B911F6300217FED /* MovieApp.app */,
				CDC89CBA1B911F6300217FED /* MovieAppTests.xctest */,
			);
			name = Products;
			sourceTree = "<group>";
		};
		CDC89CA11B911F6300217FED /* Frameworks */ = {
			isa = PBXGroup;
			children = (
				CDC89CA21B911F6300217FED /* Foundation.framework */,
				CDC89CA41B911F6300217FED /* CoreGraphics.framework */,
				CDC89CA61B911F6300217FED /* UIKit.framework */,
				CDC89CBB1B911F6300217FED /* XCTest.framework */,
			);
			name = Frameworks;
			sourceTree = "<group>";
		};
		CDC89CA81B911F6300217FED /* MovieApp */ = {
			isa = PBXGroup;
			children = (
				CDC89CB11B911F6300217FED /* AppDelegate.h */,
				CDC89CB21B911F6300217FED /* AppDelegate.m */,
				CDC89CB41B911F6300217FED /* Images.xcassets */,
				CDC89CA91B911F6300217FED /* Supporting Files */,
			);
			path = MovieApp;
			sourceTree = "<group>";
		};
		CDC89CA91B911F6300217FED /* Supporting Files */ = {
			isa = PBXGroup;
			children = (
				CDC89CAA1B911F6300217FED /* MovieApp-Info.plist */,
				CDC89CAB1B911F6300217FED /* InfoPlist.strings */,
				CDC89CAE1B911F6300217FED /* main.m */,
				CDC89CB01B911F6300217FED /* MovieApp-Prefix.pch */,
			);
			name = "Supporting Files";
			sourceTree = "<group>";
		};
		CDC89CC11B911F6300217FED /* MovieAppTests */ = {
			isa = PBXGroup;
			children = (
				CDC89CC71B911F6300217FED /* MovieAppTests.m */,
				CDC89CC21B911F6300217FED /* Supporting Files */,
			);
			path = MovieAppTests;
			sourceTree = "<group>";
		};
		CDC89CC21B911F6300217FED /* Supporting Files */ = {
			isa = PBXGroup;
			children = (
				CDC89CC31B911F6300217FED /* MovieAppTests-Info.plist */,
				CDC89CC41B911F6300217FED /* InfoPlist.strings */,
			);
			name = "Supporting Files";
			sourceTree = "<group>";
		};
/* End PBXGroup section */

/* Begin PBXNativeTarget section */
		CDC89C9E1B911F6300217FED /* MovieApp */ = {
			isa = PBXNativeTarget;
			buildConfigurationList = CDC89CCB1B911F6300217FED /* Build configuration list for PBXNativeTarget "MovieApp" */;
			buildPhases = (
				CDC89C9B1B911F6300217FED /* Sources */,
				CDC89C9C1B911F6300217FED /* Frameworks */,
				CDC89C9D1B911F6300217FED /* Resources */,
			);
			buildRules = (
			);
			dependencies = (
			);
			name = MovieApp;
			productName = MovieApp;
			productReference = CDC89C9F1B911F6300217FED /* MovieApp.app */;
			productType = "com.apple.product-type.application";
		};
		CDC89CB91B911F6300217FED /* MovieAppTests */ = {
			isa = PBXNativeTarget;
			buildConfigurationList = CDC89CCE1B911F6300217FED /* Build configuration list for PBXNativeTarget "MovieAppTests" */;
			buildPhases = (
				CDC89CB61B911F6300217FED /* Sources */,
				CDC89CB71B911F6300217FED /* Frameworks */,
				CDC89CB81B911F6300217FED /* Resources */,
			);
			buildRules = (
			);
			dependencies = (
				CDC89CC01B911F6300217FED /* PBXTargetDependency */,
			);
			name = MovieAppTests;
			productName = MovieAppTests;
			productReference = CDC89CBA1B911F6300217FED /* MovieAppTests.xctest */;
			productType = "com.apple.product-type.bundle.unit-test";
		};
/* End PBXNativeTarget section */

/* Begin PBXProject section */
		CDC89C971B911F6300217FED /* Project object */ = {
			isa = PBXProject;
			attributes = {
				LastUpgradeCheck = 0510;
				ORGANIZATIONNAME = codepath;
				TargetAttributes = {
					CDC89CB91B911F6300217FED = {
						TestTargetID = CDC89C9E1B911F6300217FED;
					};
				};
			};
			buildConfigurationList = CDC89C9A1B911F6300217FED /* Build configuration list for PBXProject "MovieApp" */;
			compatibilityVersion = "Xcode 3.2";
			developmentRegion = English;
			hasScannedForEncodings = 0;
			knownRegions = (
				en,
			);
			mainGroup = CDC89C961B911F6300217FED;
			productRefGroup = CDC89CA01B911F6300217FED /* Products */;
			projectDirPath = "";
			projectRoot = "";
			targets = (
				CDC89C9E1B911F6300217FED /* MovieApp */,
				CDC89CB91B911F6300217FED /* MovieAppTests */,
			);
		};
/* End PBXProject section */

/* Begin PBXResourcesBuildPhase section */
		CDC89C9D1B911F6300217FED /* Resources */ = {
			isa = PBXResourcesBuildPhase;
			buildActionMask = 2147483647;
			files = (
				CDC89CAD1B911F6300217FED /* InfoPlist.strings in Resources */,
				CDC89CB51B911F6300217FED /* Images.xcassets in Resources */,
			);
			runOnlyForDeploymentPostprocessing = 0;
		};
		CDC89CB81B911F6300217FED /* Resources */ = {
			isa = PBXResourcesBuildPhase;
			buildActionMask = 2147483647;
			files = (
				CDC89CC61B911F6300217FED /* InfoPlist.strings in Resources */,
			);
			runOnlyForDeploymentPostprocessing = 0;
		};
/* End PBXResourcesBuildPhase section */

/* Begin PBXSourcesBuildPhase section */
		CDC89C9B1B911F6300217FED /* Sources */ = {
			isa = PBXSourcesBuildPhase;
			buildActionMask = 2147483647;
			files = (
				CDC89CB31B911F6300217FED /* AppDelegate.m in Sources */,
				CDC89CAF1B911F6300217FED /* main.m in Sources */,
			);
			runOnlyForDeploymentPostprocessing = 0;
		};
		CDC89CB61B911F6300217FED /* Sources */ = {
			isa = PBXSourcesBuildPhase;
			buildActionMask = 2147483647;
			files = (
				CDC89CC81B911F6300217FED /* MovieAppTests.m in Sources */,
			);
			runOnlyForDeploymentPostprocessing = 0;
		};
/* End PBXSourcesBuildPhase section */

/* Begin PBXTargetDependency section */
		CDC89CC01B911F6300217FED /* PBXTargetDependency */ = {
			isa = PBXTargetDependency;
			target = CDC89C9E1B911F6300217FED /* MovieApp */;
			targetProxy = CDC89CBF1B911F6300217FED /* PBXContainerItemProxy */;
		};
/* End PBXTargetDependency section */

/* Begin PBXVariantGroup section */
		CDC89CAB1B911F6300217FED /* InfoPlist.strings */ = {
			isa = PBXVariantGroup;
			children = (
				CDC89CAC1B911F6300217FED /* en */,
			);
			name = InfoPlist.strings;
			sourceTree = "<group>";
		};
		CDC89CC41B911F6300217FED /* InfoPlist.strings */ = {
			isa = PBXVariantGroup;
			children = (
				CDC89CC51B911F6300217FED /* en */,
			);
			name = InfoPlist.strings;
			sourceTree = "<group>";
		};
/* End PBXVariantGroup section */

/* Begin XCBuildConfiguration section */
		CDC89CC91B911F6300217FED /* Debug */ = {
			isa = XCBuildConfiguration;
			buildSettings = {
				ALWAYS_SEARCH_USER_PATHS = NO;
				CLANG_CXX_LANGUAGE_STANDARD = "gnu++0x";
				CLANG_CXX_LIBRARY = "libc++";
				CLANG_ENABLE_MODULES = YES;
				CLANG_ENABLE_OBJC_ARC = YES;
				CLANG_WARN_BOOL_CONVERSION = YES;
				CLANG_WARN_CONSTANT_CONVERSION = YES;
				CLANG_WARN_DIRECT_OBJC_ISA_USAGE = YES_ERROR;
				CLANG_WARN_EMPTY_BODY = YES;
				CLANG_WARN_ENUM_CONVERSION = YES;
				CLANG_WARN_INT_CONVERSION = YES;
				CLANG_WARN_OBJC_ROOT_CLASS = YES_ERROR;
				CLANG_WARN__DUPLICATE_METHOD_MATCH = YES;
				"CODE_SIGN_IDENTITY[sdk=iphoneos*]" = "iPhone Developer";
				COPY_PHASE_STRIP = NO;
				GCC_C_LANGUAGE_STANDARD = gnu99;
				GCC_DYNAMIC_NO_PIC = NO;
				GCC_OPTIMIZATION_LEVEL = 0;
				GCC_PREPROCESSOR_DEFINITIONS = (
					"DEBUG=1",
					"$(inherited)",
				);
				GCC_SYMBOLS_PRIVATE_EXTERN = NO;
				GCC_WARN_64_TO_32_BIT_CONVERSION = YES;
				GCC_WARN_ABOUT_RETURN_TYPE = YES_ERROR;
				GCC_WARN_UNDECLARED_SELECTOR = YES;
				GCC_WARN_UNINITIALIZED_AUTOS = YES_AGGRESSIVE;
				GCC_WARN_UNUSED_FUNCTION = YES;
				GCC_WARN_UNUSED_VARIABLE = YES;
				IPHONEOS_DEPLOYMENT_TARGET = 7.1;
				ONLY_ACTIVE_ARCH = YES;
				SDKROOT = iphoneos;
				TARGETED_DEVICE_FAMILY = "1,2";
			};
			name = Debug;
		};
		CDC89CCA1B911F6300217FED /* Release */ = {
			isa = XCBuildConfiguration;
			buildSettings = {
				ALWAYS_SEARCH_USER_PATHS = NO;
				CLANG_CXX_LANGUAGE_STANDARD = "gnu++0x";
				CLANG_CXX_LIBRARY = "libc++";
				CLANG_ENABLE_MODULES = YES;
				CLANG_ENABLE_OBJC_ARC = YES;
				CLANG_WARN_BOOL_CONVERSION = YES;
				CLANG_WARN_CONSTANT_CONVERSION = YES;
				CLANG_WARN_DIRECT_OBJC_ISA_USAGE = YES_ERROR;
				CLANG_WARN_EMPTY_BODY = YES;
				CLANG_WARN_ENUM_CONVERSION = YES;
				CLANG_WARN_INT_CONVERSION = YES;
				CLANG_WARN_OBJC_ROOT_CLASS = YES_ERROR;
				CLANG_WARN__DUPLICATE_METHOD_MATCH = YES;
				"CODE_SIGN_IDENTITY[sdk=iphoneos*]" = "iPhone Developer";
				COPY_PHASE_STRIP = YES;
				ENABLE_NS_ASSERTIONS = NO;
				GCC_C_LANGUAGE_STANDARD = gnu99;
				GCC_WARN_64_TO_32_BIT_CONVERSION = YES;
				GCC_WARN_ABOUT_RETURN_TYPE = YES_ERROR;
				GCC_WARN_UNDECLARED_SELECTOR = YES;
				GCC_WARN_UNINITIALIZED_AUTOS = YES_AGGRESSIVE;
				GCC_WARN_UNUSED_FUNCTION = YES;
				GCC_WARN_UNUSED_VARIABLE = YES;
				IPHONEOS_DEPLOYMENT_TARGET = 7.1;
				SDKROOT = iphoneos;
				TARGETED_DEVICE_FAMILY = "1,2";
				VALIDATE_PRODUCT = YES;
			};
			name = Release;
		};
		CDC89CCC1B911F6300217FED /* Debug */ = {
			isa = XCBuildConfiguration;
			buildSettings = {
				ASSETCATALOG_COMPILER_APPICON_NAME = AppIcon;
				ASSETCATALOG_COMPILER_LAUNCHIMAGE_NAME = LaunchImage;
				GCC_PRECOMPILE_PREFIX_HEADER = YES;
				GCC_PREFIX_HEADER = "MovieApp/MovieApp-Prefix.pch";
				INFOPLIST_FILE = "MovieApp/MovieApp-Info.plist";
				PRODUCT_NAME = "$(TARGET_NAME)";
				WRAPPER_EXTENSION = app;
			};
			name = Debug;
		};
		CDC89CCD1B911F6300217FED /* Release */ = {
			isa = XCBuildConfiguration;
			buildSettings = {
				ASSETCATALOG_COMPILER_APPICON_NAME = AppIcon;
				ASSETCATALOG_COMPILER_LAUNCHIMAGE_NAME = LaunchImage;
				GCC_PRECOMPILE_PREFIX_HEADER = YES;
				GCC_PREFIX_HEADER = "MovieApp/MovieApp-Prefix.pch";
				INFOPLIST_FILE = "MovieApp/MovieApp-Info.plist";
				PRODUCT_NAME = "$(TARGET_NAME)";
				WRAPPER_EXTENSION = app;
			};
			name = Release;
		};
		CDC89CCF1B911F6300217FED /* Debug */ = {
			isa = XCBuildConfiguration;
			buildSettings = {
				BUNDLE_LOADER = "$(BUILT_PRODUCTS_DIR)/MovieApp.app/MovieApp";
				FRAMEWORK_SEARCH_PATHS = (
					"$(SDKROOT)/Developer/Library/Frameworks",
					"$(inherited)",
					"$(DEVELOPER_FRAMEWORKS_DIR)",
				);
				GCC_PRECOMPILE_PREFIX_HEADER = YES;
				GCC_PREFIX_HEADER = "MovieApp/MovieApp-Prefix.pch";
				GCC_PREPROCESSOR_DEFINITIONS = (
					"DEBUG=1",
					"$(inherited)",
				);
				INFOPLIST_FILE = "MovieAppTests/MovieAppTests-Info.plist";
				PRODUCT_NAME = "$(TARGET_NAME)";
				TEST_HOST = "$(BUNDLE_LOADER)";
				WRAPPER_EXTENSION = xctest;
			};
			name = Debug;
		};
		CDC89CD01B911F6300217FED /* Release */ = {
			isa = XCBuildConfiguration;
			buildSettings = {
				BUNDLE_LOADER = "$(BUILT_PRODUCTS_DIR)/MovieApp.app/MovieApp";
				FRAMEWORK_SEARCH_PATHS = (
					"$(SDKROOT)/Developer/Library/Frameworks",
					"$(inherited)",
					"$(DEVELOPER_FRAMEWORKS_DIR)",
				);
				GCC_PRECOMPILE_PREFIX_HEADER = YES;
				GCC_PREFIX_HEADER = "MovieApp/MovieApp-Prefix.pch";
				INFOPLIST_FILE = "MovieAppTests/MovieAppTests-Info.plist";
				PRODUCT_NAME = "$(TARGET_NAME)";
				TEST_HOST = "$(BUNDLE_LOADER)";
				WRAPPER_EXTENSION = xctest;
			};
			name = Release;
		};
/* End XCBuildConfiguration section */

/* Begin XCConfigurationList section */
		CDC89C9A1B911F6300217FED /* Build configuration list for PBXProject "MovieApp" */ = {
			isa = XCConfigurationList;
			buildConfigurations = (
				CDC89CC91B911F6300217FED /* Debug */,
				CDC89CCA1B911F6300217FED /* Release */,
			);
			defaultConfigurationIsVisible = 0;
			defaultConfigurationName = Release;
		};
		CDC89CCB1B911F6300217FED /* Build configuration list for PBXNativeTarget "MovieApp" */ = {
			isa = XCConfigurationList;
			buildConfigurations = (
				CDC89CCC1B911F6300217FED /* Debug */,
				CDC89CCD1B911F6300217FED /* Release */,
			);
			defaultConfigurationIsVisible = 0;
		};
		CDC89CCE1B911F6300217FED /* Build configuration list for PBXNativeTarget "MovieAppTests" */ = {
			isa = XCConfigurationList;
			buildConfigurations = (
				CDC89CCF1B911F6300217FED /* Debug */,
				CDC89CD01B911F6300217FED /* Release */,
			);
			defaultConfigurationIsVisible = 0;
		};
/* End XCConfigurationList section */
	};
	rootObject = CDC89C971B911F6300217FED /* Project object */;
}
